
Microsoft Visual Studio Solution File, Format Version 12.00
# Visual Studio Version 17
VisualStudioVersion = 17.8.34330.188
MinimumVisualStudioVersion = 10.0.40219.1
Project("{FAE04EC0-301F-11D3-BF4B-00C04F79EFBC}") = "TheWorstSoundboard", "TheWorstSoundboard\TheWorstSoundboard.csproj", "{F69E46AF-7CDD-4CDC-9DD3-662CFCA8096D}"
EndProject
Global
	GlobalSection(SolutionConfigurationPlatforms) = preSolution
		Debug|Any CPU = Debug|Any CPU
		Release|Any CPU = Release|Any CPU
	EndGlobalSection
	GlobalSection(ProjectConfigurationPlatforms) = postSolution
		{F69E46AF-7CDD-4CDC-9DD3-662CFCA8096D}.Debug|Any CPU.ActiveCfg = Debug|Any CPU
		{F69E46AF-7CDD-4CDC-9DD3-662CFCA8096D}.Debug|Any CPU.Build.0 = Debug|Any CPU
		{F69E46AF-7CDD-4CDC-9DD3-662CFCA8096D}.Debug|Any CPU.Deploy.0 = Debug|Any CPU
		{F69E46AF-7CDD-4CDC-9DD3-662CFCA8096D}.Release|Any CPU.ActiveCfg = Release|Any CPU
		{F69E46AF-7CDD-4CDC-9DD3-662CFCA8096D}.Release|Any CPU.Build.0 = Release|Any CPU
		{F69E46AF-7CDD-4CDC-9DD3-662CFCA8096D}.Release|Any CPU.Deploy.0 = Release|Any CPU
	EndGlobalSection
	GlobalSection(SolutionProperties) = preSolution
		HideSolutionNode = FALSE
	EndGlobalSection
	GlobalSection(ExtensibilityGlobals) = postSolution
		SolutionGuid = {E4956160-BAD3-44EB-9767-A790052EC8D6}
	EndGlobalSection
EndGlobal
